
Microsoft Visual Studio Solution File, Format Version 12.00
# Visual Studio Version 17
VisualStudioVersion = 17.10.34916.146
MinimumVisualStudioVersion = 10.0.40219.1
Project("{FAE04EC0-301F-11D3-BF4B-00C04F79EFBC}") = "OpenCvC#deneme", "OpenCvC#deneme.csproj", "{31A3D6C7-7C2D-4D54-A2A7-1AD480ECF296}"
EndProject
Global
	GlobalSection(SolutionConfigurationPlatforms) = preSolution
		Debug|Any CPU = Debug|Any CPU
		Release|Any CPU = Release|Any CPU
	EndGlobalSection
	GlobalSection(ProjectConfigurationPlatforms) = postSolution
		{31A3D6C7-7C2D-4D54-A2A7-1AD480ECF296}.Debug|Any CPU.ActiveCfg = Debug|Any CPU
		{31A3D6C7-7C2D-4D54-A2A7-1AD480ECF296}.Debug|Any CPU.Build.0 = Debug|Any CPU
		{31A3D6C7-7C2D-4D54-A2A7-1AD480ECF296}.Release|Any CPU.ActiveCfg = Release|Any CPU
		{31A3D6C7-7C2D-4D54-A2A7-1AD480ECF296}.Release|Any CPU.Build.0 = Release|Any CPU
	EndGlobalSection
	GlobalSection(SolutionProperties) = preSolution
		HideSolutionNode = FALSE
	EndGlobalSection
	GlobalSection(ExtensibilityGlobals) = postSolution
		SolutionGuid = {372C46FC-1855-4250-9D1B-360EC42D3A1B}
	EndGlobalSection
EndGlobal
